
Microsoft Visual Studio Solution File, Format Version 12.00
# Visual Studio Version 16
VisualStudioVersion = 16.0.31702.278
MinimumVisualStudioVersion = 10.0.40219.1
Project("{FAE04EC0-301F-11D3-BF4B-00C04F79EFBC}") = "Рецепти2", "Рецепти2.csproj", "{FDACDC35-5B65-4D93-9108-9B733B5B8900}"
EndProject
Global
	GlobalSection(SolutionConfigurationPlatforms) = preSolution
		Debug|Any CPU = Debug|Any CPU
		Release|Any CPU = Release|Any CPU
	EndGlobalSection
	GlobalSection(ProjectConfigurationPlatforms) = postSolution
		{FDACDC35-5B65-4D93-9108-9B733B5B8900}.Debug|Any CPU.ActiveCfg = Debug|Any CPU
		{FDACDC35-5B65-4D93-9108-9B733B5B8900}.Debug|Any CPU.Build.0 = Debug|Any CPU
		{FDACDC35-5B65-4D93-9108-9B733B5B8900}.Release|Any CPU.ActiveCfg = Release|Any CPU
		{FDACDC35-5B65-4D93-9108-9B733B5B8900}.Release|Any CPU.Build.0 = Release|Any CPU
	EndGlobalSection
	GlobalSection(SolutionProperties) = preSolution
		HideSolutionNode = FALSE
	EndGlobalSection
	GlobalSection(ExtensibilityGlobals) = postSolution
		SolutionGuid = {AEF65D04-842E-4A49-93B3-AC5968C3C908}
	EndGlobalSection
EndGlobal
